
Microsoft Visual Studio Solution File, Format Version 12.00
# Visual Studio Version 17
VisualStudioVersion = 17.2.32210.308
MinimumVisualStudioVersion = 10.0.40219.1
Project("{9A19103F-16F7-4668-BE54-9A1E7A4F7556}") = "MauiBlazor", "MauiBlazor\MauiBlazor.csproj", "{81B8013E-7E7F-4B95-A0AE-057ECC815109}"
EndProject
Project("{9A19103F-16F7-4668-BE54-9A1E7A4F7556}") = "Maui", "Maui\Maui.csproj", "{C1577D0D-DA1A-47D6-9C24-C365FC840542}"
EndProject
Project("{9A19103F-16F7-4668-BE54-9A1E7A4F7556}") = "Wpf", "Wpf\Wpf.csproj", "{77D86369-DD07-4D1F-9084-82A865C8D0FC}"
EndProject
Project("{2150E333-8FDC-42A3-9474-1A3956D46DE8}") = "XamarinForms", "XamarinForms", "{FE21EB77-EE30-4BF0-AFAA-51C8DC864055}"
EndProject
Project("{FAE04EC0-301F-11D3-BF4B-00C04F79EFBC}") = "XamarinForms.UWP", "XamarinForms\XamarinForms\XamarinForms.UWP\XamarinForms.UWP.csproj", "{D0DE7E1E-B2F8-4503-B704-62F4C0D18AE8}"
EndProject
Project("{FAE04EC0-301F-11D3-BF4B-00C04F79EFBC}") = "XamarinForms.Android", "XamarinForms\XamarinForms\XamarinForms.Android\XamarinForms.Android.csproj", "{3D6406A3-9706-47AE-88C2-DD29CB5C7E27}"
EndProject
Project("{FAE04EC0-301F-11D3-BF4B-00C04F79EFBC}") = "XamarinForms.iOS", "XamarinForms\XamarinForms\XamarinForms.iOS\XamarinForms.iOS.csproj", "{C1A983D4-69CB-4F4A-BA79-69FAB8CABAE8}"
EndProject
Project("{9A19103F-16F7-4668-BE54-9A1E7A4F7556}") = "XamarinForms", "XamarinForms\XamarinForms\XamarinForms\XamarinForms.csproj", "{5542A6A1-76F7-44A4-AAE4-5415B58F54DA}"
EndProject
Project("{9A19103F-16F7-4668-BE54-9A1E7A4F7556}") = "Blazor", "Blazor\Blazor.csproj", "{373355AE-BE9E-41A5-A28E-1783DEC21A2B}"
EndProject
Project("{9A19103F-16F7-4668-BE54-9A1E7A4F7556}") = "WinUi", "WinUi\WinUi.csproj", "{78D1D66A-8C78-4682-853C-AC73A700B97E}"
EndProject
Project("{9A19103F-16F7-4668-BE54-9A1E7A4F7556}") = "BlazorDesktop", "BlazorDesktop\BlazorDesktop.csproj", "{02767E8D-EE04-491E-B500-2CC6F04B9FBD}"
EndProject
Global
	GlobalSection(SolutionConfigurationPlatforms) = preSolution
		Debug|Any CPU = Debug|Any CPU
		Debug|ARM = Debug|ARM
		Debug|iPhone = Debug|iPhone
		Debug|iPhoneSimulator = Debug|iPhoneSimulator
		Debug|x64 = Debug|x64
		Debug|x86 = Debug|x86
		Release|Any CPU = Release|Any CPU
		Release|ARM = Release|ARM
		Release|iPhone = Release|iPhone
		Release|iPhoneSimulator = Release|iPhoneSimulator
		Release|x64 = Release|x64
		Release|x86 = Release|x86
	EndGlobalSection
	GlobalSection(ProjectConfigurationPlatforms) = postSolution
		{81B8013E-7E7F-4B95-A0AE-057ECC815109}.Debug|Any CPU.ActiveCfg = Debug|Any CPU
		{81B8013E-7E7F-4B95-A0AE-057ECC815109}.Debug|Any CPU.Build.0 = Debug|Any CPU
		{81B8013E-7E7F-4B95-A0AE-057ECC815109}.Debug|Any CPU.Deploy.0 = Debug|Any CPU
		{81B8013E-7E7F-4B95-A0AE-057ECC815109}.Debug|ARM.ActiveCfg = Debug|Any CPU
		{81B8013E-7E7F-4B95-A0AE-057ECC815109}.Debug|ARM.Build.0 = Debug|Any CPU
		{81B8013E-7E7F-4B95-A0AE-057ECC815109}.Debug|ARM.Deploy.0 = Debug|Any CPU
		{81B8013E-7E7F-4B95-A0AE-057ECC815109}.Debug|iPhone.ActiveCfg = Debug|Any CPU
		{81B8013E-7E7F-4B95-A0AE-057ECC815109}.Debug|iPhone.Build.0 = Debug|Any CPU
		{81B8013E-7E7F-4B95-A0AE-057ECC815109}.Debug|iPhone.Deploy.0 = Debug|Any CPU
		{81B8013E-7E7F-4B95-A0AE-057ECC815109}.Debug|iPhoneSimulator.ActiveCfg = Debug|Any CPU
		{81B8013E-7E7F-4B95-A0AE-057ECC815109}.Debug|iPhoneSimulator.Build.0 = Debug|Any CPU
		{81B8013E-7E7F-4B95-A0AE-057ECC815109}.Debug|iPhoneSimulator.Deploy.0 = Debug|Any CPU
		{81B8013E-7E7F-4B95-A0AE-057ECC815109}.Debug|x64.ActiveCfg = Debug|Any CPU
		{81B8013E-7E7F-4B95-A0AE-057ECC815109}.Debug|x64.Build.0 = Debug|Any CPU
		{81B8013E-7E7F-4B95-A0AE-057ECC815109}.Debug|x64.Deploy.0 = Debug|Any CPU
		{81B8013E-7E7F-4B95-A0AE-057ECC815109}.Debug|x86.ActiveCfg = Debug|Any CPU
		{81B8013E-7E7F-4B95-A0AE-057ECC815109}.Debug|x86.Build.0 = Debug|Any CPU
		{81B8013E-7E7F-4B95-A0AE-057ECC815109}.Debug|x86.Deploy.0 = Debug|Any CPU
		{81B8013E-7E7F-4B95-A0AE-057ECC815109}.Release|Any CPU.ActiveCfg = Release|Any CPU
		{81B8013E-7E7F-4B95-A0AE-057ECC815109}.Release|Any CPU.Build.0 = Release|Any CPU
		{81B8013E-7E7F-4B95-A0AE-057ECC815109}.Release|ARM.ActiveCfg = Release|Any CPU
		{81B8013E-7E7F-4B95-A0AE-057ECC815109}.Release|ARM.Build.0 = Release|Any CPU
		{81B8013E-7E7F-4B95-A0AE-057ECC815109}.Release|ARM.Deploy.0 = Release|Any CPU
		{81B8013E-7E7F-4B95-A0AE-057ECC815109}.Release|iPhone.ActiveCfg = Release|Any CPU
		{81B8013E-7E7F-4B95-A0AE-057ECC815109}.Release|iPhone.Build.0 = Release|Any CPU
		{81B8013E-7E7F-4B95-A0AE-057ECC815109}.Release|iPhone.Deploy.0 = Release|Any CPU
		{81B8013E-7E7F-4B95-A0AE-057ECC815109}.Release|iPhoneSimulator.ActiveCfg = Release|Any CPU
		{81B8013E-7E7F-4B95-A0AE-057ECC815109}.Release|iPhoneSimulator.Build.0 = Release|Any CPU
		{81B8013E-7E7F-4B95-A0AE-057ECC815109}.Release|iPhoneSimulator.Deploy.0 = Release|Any CPU
		{81B8013E-7E7F-4B95-A0AE-057ECC815109}.Release|x64.ActiveCfg = Release|Any CPU
		{81B8013E-7E7F-4B95-A0AE-057ECC815109}.Release|x64.Build.0 = Release|Any CPU
		{81B8013E-7E7F-4B95-A0AE-057ECC815109}.Release|x64.Deploy.0 = Release|Any CPU
		{81B8013E-7E7F-4B95-A0AE-057ECC815109}.Release|x86.ActiveCfg = Release|Any CPU
		{81B8013E-7E7F-4B95-A0AE-057ECC815109}.Release|x86.Build.0 = Release|Any CPU
		{81B8013E-7E7F-4B95-A0AE-057ECC815109}.Release|x86.Deploy.0 = Release|Any CPU
		{C1577D0D-DA1A-47D6-9C24-C365FC840542}.Debug|Any CPU.ActiveCfg = Debug|Any CPU
		{C1577D0D-DA1A-47D6-9C24-C365FC840542}.Debug|Any CPU.Build.0 = Debug|Any CPU
		{C1577D0D-DA1A-47D6-9C24-C365FC840542}.Debug|Any CPU.Deploy.0 = Debug|Any CPU
		{C1577D0D-DA1A-47D6-9C24-C365FC840542}.Debug|ARM.ActiveCfg = Debug|Any CPU
		{C1577D0D-DA1A-47D6-9C24-C365FC840542}.Debug|ARM.Build.0 = Debug|Any CPU
		{C1577D0D-DA1A-47D6-9C24-C365FC840542}.Debug|ARM.Deploy.0 = Debug|Any CPU
		{C1577D0D-DA1A-47D6-9C24-C365FC840542}.Debug|iPhone.ActiveCfg = Debug|Any CPU
		{C1577D0D-DA1A-47D6-9C24-C365FC840542}.Debug|iPhone.Build.0 = Debug|Any CPU
		{C1577D0D-DA1A-47D6-9C24-C365FC840542}.Debug|iPhone.Deploy.0 = Debug|Any CPU
		{C1577D0D-DA1A-47D6-9C24-C365FC840542}.Debug|iPhoneSimulator.ActiveCfg = Debug|Any CPU
		{C1577D0D-DA1A-47D6-9C24-C365FC840542}.Debug|iPhoneSimulator.Build.0 = Debug|Any CPU
		{C1577D0D-DA1A-47D6-9C24-C365FC840542}.Debug|iPhoneSimulator.Deploy.0 = Debug|Any CPU
		{C1577D0D-DA1A-47D6-9C24-C365FC840542}.Debug|x64.ActiveCfg = Debug|Any CPU
		{C1577D0D-DA1A-47D6-9C24-C365FC840542}.Debug|x64.Build.0 = Debug|Any CPU
		{C1577D0D-DA1A-47D6-9C24-C365FC840542}.Debug|x64.Deploy.0 = Debug|Any CPU
		{C1577D0D-DA1A-47D6-9C24-C365FC840542}.Debug|x86.ActiveCfg = Debug|Any CPU
		{C1577D0D-DA1A-47D6-9C24-C365FC840542}.Debug|x86.Build.0 = Debug|Any CPU
		{C1577D0D-DA1A-47D6-9C24-C365FC840542}.Debug|x86.Deploy.0 = Debug|Any CPU
		{C1577D0D-DA1A-47D6-9C24-C365FC840542}.Release|Any CPU.ActiveCfg = Release|Any CPU
		{C1577D0D-DA1A-47D6-9C24-C365FC840542}.Release|Any CPU.Build.0 = Release|Any CPU
		{C1577D0D-DA1A-47D6-9C24-C365FC840542}.Release|Any CPU.Deploy.0 = Release|Any CPU
		{C1577D0D-DA1A-47D6-9C24-C365FC840542}.Release|ARM.ActiveCfg = Release|Any CPU
		{C1577D0D-DA1A-47D6-9C24-C365FC840542}.Release|ARM.Build.0 = Release|Any CPU
		{C1577D0D-DA1A-47D6-9C24-C365FC840542}.Release|ARM.Deploy.0 = Release|Any CPU
		{C1577D0D-DA1A-47D6-9C24-C365FC840542}.Release|iPhone.ActiveCfg = Release|Any CPU
		{C1577D0D-DA1A-47D6-9C24-C365FC840542}.Release|iPhone.Build.0 = Release|Any CPU
		{C1577D0D-DA1A-47D6-9C24-C365FC840542}.Release|iPhone.Deploy.0 = Release|Any CPU
		{C1577D0D-DA1A-47D6-9C24-C365FC840542}.Release|iPhoneSimulator.ActiveCfg = Release|Any CPU
		{C1577D0D-DA1A-47D6-9C24-C365FC840542}.Release|iPhoneSimulator.Build.0 = Release|Any CPU
		{C1577D0D-DA1A-47D6-9C24-C365FC840542}.Release|iPhoneSimulator.Deploy.0 = Release|Any CPU
		{C1577D0D-DA1A-47D6-9C24-C365FC840542}.Release|x64.ActiveCfg = Release|Any CPU
		{C1577D0D-DA1A-47D6-9C24-C365FC840542}.Release|x64.Build.0 = Release|Any CPU
		{C1577D0D-DA1A-47D6-9C24-C365FC840542}.Release|x64.Deploy.0 = Release|Any CPU
		{C1577D0D-DA1A-47D6-9C24-C365FC840542}.Release|x86.ActiveCfg = Release|Any CPU
		{C1577D0D-DA1A-47D6-9C24-C365FC840542}.Release|x86.Build.0 = Release|Any CPU
		{C1577D0D-DA1A-47D6-9C24-C365FC840542}.Release|x86.Deploy.0 = Release|Any CPU
		{77D86369-DD07-4D1F-9084-82A865C8D0FC}.Debug|Any CPU.ActiveCfg = Debug|Any CPU
		{77D86369-DD07-4D1F-9084-82A865C8D0FC}.Debug|Any CPU.Build.0 = Debug|Any CPU
		{77D86369-DD07-4D1F-9084-82A865C8D0FC}.Debug|ARM.ActiveCfg = Debug|Any CPU
		{77D86369-DD07-4D1F-9084-82A865C8D0FC}.Debug|ARM.Build.0 = Debug|Any CPU
		{77D86369-DD07-4D1F-9084-82A865C8D0FC}.Debug|iPhone.ActiveCfg = Debug|Any CPU
		{77D86369-DD07-4D1F-9084-82A865C8D0FC}.Debug|iPhone.Build.0 = Debug|Any CPU
		{77D86369-DD07-4D1F-9084-82A865C8D0FC}.Debug|iPhoneSimulator.ActiveCfg = Debug|Any CPU
		{77D86369-DD07-4D1F-9084-82A865C8D0FC}.Debug|iPhoneSimulator.Build.0 = Debug|Any CPU
		{77D86369-DD07-4D1F-9084-82A865C8D0FC}.Debug|x64.ActiveCfg = Debug|Any CPU
		{77D86369-DD07-4D1F-9084-82A865C8D0FC}.Debug|x64.Build.0 = Debug|Any CPU
		{77D86369-DD07-4D1F-9084-82A865C8D0FC}.Debug|x86.ActiveCfg = Debug|Any CPU
		{77D86369-DD07-4D1F-9084-82A865C8D0FC}.Debug|x86.Build.0 = Debug|Any CPU
		{77D86369-DD07-4D1F-9084-82A865C8D0FC}.Release|Any CPU.ActiveCfg = Release|Any CPU
		{77D86369-DD07-4D1F-9084-82A865C8D0FC}.Release|Any CPU.Build.0 = Release|Any CPU
		{77D86369-DD07-4D1F-9084-82A865C8D0FC}.Release|ARM.ActiveCfg = Release|Any CPU
		{77D86369-DD07-4D1F-9084-82A865C8D0FC}.Release|ARM.Build.0 = Release|Any CPU
		{77D86369-DD07-4D1F-9084-82A865C8D0FC}.Release|iPhone.ActiveCfg = Release|Any CPU
		{77D86369-DD07-4D1F-9084-82A865C8D0FC}.Release|iPhone.Build.0 = Release|Any CPU
		{77D86369-DD07-4D1F-9084-82A865C8D0FC}.Release|iPhoneSimulator.ActiveCfg = Release|Any CPU
		{77D86369-DD07-4D1F-9084-82A865C8D0FC}.Release|iPhoneSimulator.Build.0 = Release|Any CPU
		{77D86369-DD07-4D1F-9084-82A865C8D0FC}.Release|x64.ActiveCfg = Release|Any CPU
		{77D86369-DD07-4D1F-9084-82A865C8D0FC}.Release|x64.Build.0 = Release|Any CPU
		{77D86369-DD07-4D1F-9084-82A865C8D0FC}.Release|x86.ActiveCfg = Release|Any CPU
		{77D86369-DD07-4D1F-9084-82A865C8D0FC}.Release|x86.Build.0 = Release|Any CPU
		{D0DE7E1E-B2F8-4503-B704-62F4C0D18AE8}.Debug|Any CPU.ActiveCfg = Debug|x64
		{D0DE7E1E-B2F8-4503-B704-62F4C0D18AE8}.Debug|Any CPU.Build.0 = Debug|x64
		{D0DE7E1E-B2F8-4503-B704-62F4C0D18AE8}.Debug|Any CPU.Deploy.0 = Debug|x64
		{D0DE7E1E-B2F8-4503-B704-62F4C0D18AE8}.Debug|ARM.ActiveCfg = Debug|ARM
		{D0DE7E1E-B2F8-4503-B704-62F4C0D18AE8}.Debug|ARM.Build.0 = Debug|ARM
		{D0DE7E1E-B2F8-4503-B704-62F4C0D18AE8}.Debug|ARM.Deploy.0 = Debug|ARM
		{D0DE7E1E-B2F8-4503-B704-62F4C0D18AE8}.Debug|iPhone.ActiveCfg = Debug|x64
		{D0DE7E1E-B2F8-4503-B704-62F4C0D18AE8}.Debug|iPhone.Build.0 = Debug|x64
		{D0DE7E1E-B2F8-4503-B704-62F4C0D18AE8}.Debug|iPhone.Deploy.0 = Debug|x64
		{D0DE7E1E-B2F8-4503-B704-62F4C0D18AE8}.Debug|iPhoneSimulator.ActiveCfg = Debug|x64
		{D0DE7E1E-B2F8-4503-B704-62F4C0D18AE8}.Debug|iPhoneSimulator.Build.0 = Debug|x64
		{D0DE7E1E-B2F8-4503-B704-62F4C0D18AE8}.Debug|iPhoneSimulator.Deploy.0 = Debug|x64
		{D0DE7E1E-B2F8-4503-B704-62F4C0D18AE8}.Debug|x64.ActiveCfg = Debug|x64
		{D0DE7E1E-B2F8-4503-B704-62F4C0D18AE8}.Debug|x64.Build.0 = Debug|x64
		{D0DE7E1E-B2F8-4503-B704-62F4C0D18AE8}.Debug|x64.Deploy.0 = Debug|x64
		{D0DE7E1E-B2F8-4503-B704-62F4C0D18AE8}.Debug|x86.ActiveCfg = Debug|x86
		{D0DE7E1E-B2F8-4503-B704-62F4C0D18AE8}.Debug|x86.Build.0 = Debug|x86
		{D0DE7E1E-B2F8-4503-B704-62F4C0D18AE8}.Debug|x86.Deploy.0 = Debug|x86
		{D0DE7E1E-B2F8-4503-B704-62F4C0D18AE8}.Release|Any CPU.ActiveCfg = Release|x64
		{D0DE7E1E-B2F8-4503-B704-62F4C0D18AE8}.Release|Any CPU.Build.0 = Release|x64
		{D0DE7E1E-B2F8-4503-B704-62F4C0D18AE8}.Release|Any CPU.Deploy.0 = Release|x64
		{D0DE7E1E-B2F8-4503-B704-62F4C0D18AE8}.Release|ARM.ActiveCfg = Release|ARM
		{D0DE7E1E-B2F8-4503-B704-62F4C0D18AE8}.Release|ARM.Build.0 = Release|ARM
		{D0DE7E1E-B2F8-4503-B704-62F4C0D18AE8}.Release|ARM.Deploy.0 = Release|ARM
		{D0DE7E1E-B2F8-4503-B704-62F4C0D18AE8}.Release|iPhone.ActiveCfg = Release|x64
		{D0DE7E1E-B2F8-4503-B704-62F4C0D18AE8}.Release|iPhone.Build.0 = Release|x64
		{D0DE7E1E-B2F8-4503-B704-62F4C0D18AE8}.Release|iPhone.Deploy.0 = Release|x64
		{D0DE7E1E-B2F8-4503-B704-62F4C0D18AE8}.Release|iPhoneSimulator.ActiveCfg = Release|x64
		{D0DE7E1E-B2F8-4503-B704-62F4C0D18AE8}.Release|iPhoneSimulator.Build.0 = Release|x64
		{D0DE7E1E-B2F8-4503-B704-62F4C0D18AE8}.Release|iPhoneSimulator.Deploy.0 = Release|x64
		{D0DE7E1E-B2F8-4503-B704-62F4C0D18AE8}.Release|x64.ActiveCfg = Release|x64
		{D0DE7E1E-B2F8-4503-B704-62F4C0D18AE8}.Release|x64.Build.0 = Release|x64
		{D0DE7E1E-B2F8-4503-B704-62F4C0D18AE8}.Release|x64.Deploy.0 = Release|x64
		{D0DE7E1E-B2F8-4503-B704-62F4C0D18AE8}.Release|x86.ActiveCfg = Release|x86
		{D0DE7E1E-B2F8-4503-B704-62F4C0D18AE8}.Release|x86.Build.0 = Release|x86
		{D0DE7E1E-B2F8-4503-B704-62F4C0D18AE8}.Release|x86.Deploy.0 = Release|x86
		{3D6406A3-9706-47AE-88C2-DD29CB5C7E27}.Debug|Any CPU.ActiveCfg = Debug|Any CPU
		{3D6406A3-9706-47AE-88C2-DD29CB5C7E27}.Debug|Any CPU.Build.0 = Debug|Any CPU
		{3D6406A3-9706-47AE-88C2-DD29CB5C7E27}.Debug|Any CPU.Deploy.0 = Debug|Any CPU
		{3D6406A3-9706-47AE-88C2-DD29CB5C7E27}.Debug|ARM.ActiveCfg = Debug|Any CPU
		{3D6406A3-9706-47AE-88C2-DD29CB5C7E27}.Debug|ARM.Build.0 = Debug|Any CPU
		{3D6406A3-9706-47AE-88C2-DD29CB5C7E27}.Debug|ARM.Deploy.0 = Debug|Any CPU
		{3D6406A3-9706-47AE-88C2-DD29CB5C7E27}.Debug|iPhone.ActiveCfg = Debug|Any CPU
		{3D6406A3-9706-47AE-88C2-DD29CB5C7E27}.Debug|iPhone.Build.0 = Debug|Any CPU
		{3D6406A3-9706-47AE-88C2-DD29CB5C7E27}.Debug|iPhone.Deploy.0 = Debug|Any CPU
		{3D6406A3-9706-47AE-88C2-DD29CB5C7E27}.Debug|iPhoneSimulator.ActiveCfg = Debug|Any CPU
		{3D6406A3-9706-47AE-88C2-DD29CB5C7E27}.Debug|iPhoneSimulator.Build.0 = Debug|Any CPU
		{3D6406A3-9706-47AE-88C2-DD29CB5C7E27}.Debug|iPhoneSimulator.Deploy.0 = Debug|Any CPU
		{3D6406A3-9706-47AE-88C2-DD29CB5C7E27}.Debug|x64.ActiveCfg = Debug|Any CPU
		{3D6406A3-9706-47AE-88C2-DD29CB5C7E27}.Debug|x64.Build.0 = Debug|Any CPU
		{3D6406A3-9706-47AE-88C2-DD29CB5C7E27}.Debug|x64.Deploy.0 = Debug|Any CPU
		{3D6406A3-9706-47AE-88C2-DD29CB5C7E27}.Debug|x86.ActiveCfg = Debug|Any CPU
		{3D6406A3-9706-47AE-88C2-DD29CB5C7E27}.Debug|x86.Build.0 = Debug|Any CPU
		{3D6406A3-9706-47AE-88C2-DD29CB5C7E27}.Debug|x86.Deploy.0 = Debug|Any CPU
		{3D6406A3-9706-47AE-88C2-DD29CB5C7E27}.Release|Any CPU.ActiveCfg = Release|Any CPU
		{3D6406A3-9706-47AE-88C2-DD29CB5C7E27}.Release|Any CPU.Build.0 = Release|Any CPU
		{3D6406A3-9706-47AE-88C2-DD29CB5C7E27}.Release|Any CPU.Deploy.0 = Release|Any CPU
		{3D6406A3-9706-47AE-88C2-DD29CB5C7E27}.Release|ARM.ActiveCfg = Release|Any CPU
		{3D6406A3-9706-47AE-88C2-DD29CB5C7E27}.Release|ARM.Build.0 = Release|Any CPU
		{3D6406A3-9706-47AE-88C2-DD29CB5C7E27}.Release|ARM.Deploy.0 = Release|Any CPU
		{3D6406A3-9706-47AE-88C2-DD29CB5C7E27}.Release|iPhone.ActiveCfg = Release|Any CPU
		{3D6406A3-9706-47AE-88C2-DD29CB5C7E27}.Release|iPhone.Build.0 = Release|Any CPU
		{3D6406A3-9706-47AE-88C2-DD29CB5C7E27}.Release|iPhone.Deploy.0 = Release|Any CPU
		{3D6406A3-9706-47AE-88C2-DD29CB5C7E27}.Release|iPhoneSimulator.ActiveCfg = Release|Any CPU
		{3D6406A3-9706-47AE-88C2-DD29CB5C7E27}.Release|iPhoneSimulator.Build.0 = Release|Any CPU
		{3D6406A3-9706-47AE-88C2-DD29CB5C7E27}.Release|iPhoneSimulator.Deploy.0 = Release|Any CPU
		{3D6406A3-9706-47AE-88C2-DD29CB5C7E27}.Release|x64.ActiveCfg = Release|Any CPU
		{3D6406A3-9706-47AE-88C2-DD29CB5C7E27}.Release|x64.Build.0 = Release|Any CPU
		{3D6406A3-9706-47AE-88C2-DD29CB5C7E27}.Release|x64.Deploy.0 = Release|Any CPU
		{3D6406A3-9706-47AE-88C2-DD29CB5C7E27}.Release|x86.ActiveCfg = Release|Any CPU
		{3D6406A3-9706-47AE-88C2-DD29CB5C7E27}.Release|x86.Build.0 = Release|Any CPU
		{3D6406A3-9706-47AE-88C2-DD29CB5C7E27}.Release|x86.Deploy.0 = Release|Any CPU
		{C1A983D4-69CB-4F4A-BA79-69FAB8CABAE8}.Debug|Any CPU.ActiveCfg = Debug|iPhoneSimulator
		{C1A983D4-69CB-4F4A-BA79-69FAB8CABAE8}.Debug|Any CPU.Build.0 = Debug|iPhoneSimulator
		{C1A983D4-69CB-4F4A-BA79-69FAB8CABAE8}.Debug|ARM.ActiveCfg = Debug|iPhoneSimulator
		{C1A983D4-69CB-4F4A-BA79-69FAB8CABAE8}.Debug|ARM.Build.0 = Debug|iPhoneSimulator
		{C1A983D4-69CB-4F4A-BA79-69FAB8CABAE8}.Debug|iPhone.ActiveCfg = Debug|iPhone
		{C1A983D4-69CB-4F4A-BA79-69FAB8CABAE8}.Debug|iPhone.Build.0 = Debug|iPhone
		{C1A983D4-69CB-4F4A-BA79-69FAB8CABAE8}.Debug|iPhoneSimulator.ActiveCfg = Debug|iPhoneSimulator
		{C1A983D4-69CB-4F4A-BA79-69FAB8CABAE8}.Debug|iPhoneSimulator.Build.0 = Debug|iPhoneSimulator
		{C1A983D4-69CB-4F4A-BA79-69FAB8CABAE8}.Debug|x64.ActiveCfg = Debug|iPhoneSimulator
		{C1A983D4-69CB-4F4A-BA79-69FAB8CABAE8}.Debug|x64.Build.0 = Debug|iPhoneSimulator
		{C1A983D4-69CB-4F4A-BA79-69FAB8CABAE8}.Debug|x86.ActiveCfg = Debug|iPhoneSimulator
		{C1A983D4-69CB-4F4A-BA79-69FAB8CABAE8}.Debug|x86.Build.0 = Debug|iPhoneSimulator
		{C1A983D4-69CB-4F4A-BA79-69FAB8CABAE8}.Release|Any CPU.ActiveCfg = Release|iPhoneSimulator
		{C1A983D4-69CB-4F4A-BA79-69FAB8CABAE8}.Release|Any CPU.Build.0 = Release|iPhoneSimulator
		{C1A983D4-69CB-4F4A-BA79-69FAB8CABAE8}.Release|ARM.ActiveCfg = Release|iPhoneSimulator
		{C1A983D4-69CB-4F4A-BA79-69FAB8CABAE8}.Release|ARM.Build.0 = Release|iPhoneSimulator
		{C1A983D4-69CB-4F4A-BA79-69FAB8CABAE8}.Release|iPhone.ActiveCfg = Release|iPhone
		{C1A983D4-69CB-4F4A-BA79-69FAB8CABAE8}.Release|iPhone.Build.0 = Release|iPhone
		{C1A983D4-69CB-4F4A-BA79-69FAB8CABAE8}.Release|iPhoneSimulator.ActiveCfg = Release|iPhoneSimulator
		{C1A983D4-69CB-4F4A-BA79-69FAB8CABAE8}.Release|iPhoneSimulator.Build.0 = Release|iPhoneSimulator
		{C1A983D4-69CB-4F4A-BA79-69FAB8CABAE8}.Release|x64.ActiveCfg = Release|iPhoneSimulator
		{C1A983D4-69CB-4F4A-BA79-69FAB8CABAE8}.Release|x64.Build.0 = Release|iPhoneSimulator
		{C1A983D4-69CB-4F4A-BA79-69FAB8CABAE8}.Release|x86.ActiveCfg = Release|iPhoneSimulator
		{C1A983D4-69CB-4F4A-BA79-69FAB8CABAE8}.Release|x86.Build.0 = Release|iPhoneSimulator
		{5542A6A1-76F7-44A4-AAE4-5415B58F54DA}.Debug|Any CPU.ActiveCfg = Debug|Any CPU
		{5542A6A1-76F7-44A4-AAE4-5415B58F54DA}.Debug|Any CPU.Build.0 = Debug|Any CPU
		{5542A6A1-76F7-44A4-AAE4-5415B58F54DA}.Debug|ARM.ActiveCfg = Debug|Any CPU
		{5542A6A1-76F7-44A4-AAE4-5415B58F54DA}.Debug|ARM.Build.0 = Debug|Any CPU
		{5542A6A1-76F7-44A4-AAE4-5415B58F54DA}.Debug|iPhone.ActiveCfg = Debug|Any CPU
		{5542A6A1-76F7-44A4-AAE4-5415B58F54DA}.Debug|iPhone.Build.0 = Debug|Any CPU
		{5542A6A1-76F7-44A4-AAE4-5415B58F54DA}.Debug|iPhoneSimulator.ActiveCfg = Debug|Any CPU
		{5542A6A1-76F7-44A4-AAE4-5415B58F54DA}.Debug|iPhoneSimulator.Build.0 = Debug|Any CPU
		{5542A6A1-76F7-44A4-AAE4-5415B58F54DA}.Debug|x64.ActiveCfg = Debug|Any CPU
		{5542A6A1-76F7-44A4-AAE4-5415B58F54DA}.Debug|x64.Build.0 = Debug|Any CPU
		{5542A6A1-76F7-44A4-AAE4-5415B58F54DA}.Debug|x86.ActiveCfg = Debug|Any CPU
		{5542A6A1-76F7-44A4-AAE4-5415B58F54DA}.Debug|x86.Build.0 = Debug|Any CPU
		{5542A6A1-76F7-44A4-AAE4-5415B58F54DA}.Release|Any CPU.ActiveCfg = Release|Any CPU
		{5542A6A1-76F7-44A4-AAE4-5415B58F54DA}.Release|Any CPU.Build.0 = Release|Any CPU
		{5542A6A1-76F7-44A4-AAE4-5415B58F54DA}.Release|ARM.ActiveCfg = Release|Any CPU
		{5542A6A1-76F7-44A4-AAE4-5415B58F54DA}.Release|ARM.Build.0 = Release|Any CPU
		{5542A6A1-76F7-44A4-AAE4-5415B58F54DA}.Release|iPhone.ActiveCfg = Release|Any CPU
		{5542A6A1-76F7-44A4-AAE4-5415B58F54DA}.Release|iPhone.Build.0 = Release|Any CPU
		{5542A6A1-76F7-44A4-AAE4-5415B58F54DA}.Release|iPhoneSimulator.ActiveCfg = Release|Any CPU
		{5542A6A1-76F7-44A4-AAE4-5415B58F54DA}.Release|iPhoneSimulator.Build.0 = Release|Any CPU
		{5542A6A1-76F7-44A4-AAE4-5415B58F54DA}.Release|x64.ActiveCfg = Release|Any CPU
		{5542A6A1-76F7-44A4-AAE4-5415B58F54DA}.Release|x64.Build.0 = Release|Any CPU
		{5542A6A1-76F7-44A4-AAE4-5415B58F54DA}.Release|x86.ActiveCfg = Release|Any CPU
		{5542A6A1-76F7-44A4-AAE4-5415B58F54DA}.Release|x86.Build.0 = Release|Any CPU
		{373355AE-BE9E-41A5-A28E-1783DEC21A2B}.Debug|Any CPU.ActiveCfg = Debug|Any CPU
		{373355AE-BE9E-41A5-A28E-1783DEC21A2B}.Debug|Any CPU.Build.0 = Debug|Any CPU
		{373355AE-BE9E-41A5-A28E-1783DEC21A2B}.Debug|ARM.ActiveCfg = Debug|Any CPU
		{373355AE-BE9E-41A5-A28E-1783DEC21A2B}.Debug|ARM.Build.0 = Debug|Any CPU
		{373355AE-BE9E-41A5-A28E-1783DEC21A2B}.Debug|iPhone.ActiveCfg = Debug|Any CPU
		{373355AE-BE9E-41A5-A28E-1783DEC21A2B}.Debug|iPhone.Build.0 = Debug|Any CPU
		{373355AE-BE9E-41A5-A28E-1783DEC21A2B}.Debug|iPhoneSimulator.ActiveCfg = Debug|Any CPU
		{373355AE-BE9E-41A5-A28E-1783DEC21A2B}.Debug|iPhoneSimulator.Build.0 = Debug|Any CPU
		{373355AE-BE9E-41A5-A28E-1783DEC21A2B}.Debug|x64.ActiveCfg = Debug|Any CPU
		{373355AE-BE9E-41A5-A28E-1783DEC21A2B}.Debug|x64.Build.0 = Debug|Any CPU
		{373355AE-BE9E-41A5-A28E-1783DEC21A2B}.Debug|x86.ActiveCfg = Debug|Any CPU
		{373355AE-BE9E-41A5-A28E-1783DEC21A2B}.Debug|x86.Build.0 = Debug|Any CPU
		{373355AE-BE9E-41A5-A28E-1783DEC21A2B}.Release|Any CPU.ActiveCfg = Release|Any CPU
		{373355AE-BE9E-41A5-A28E-1783DEC21A2B}.Release|Any CPU.Build.0 = Release|Any CPU
		{373355AE-BE9E-41A5-A28E-1783DEC21A2B}.Release|ARM.ActiveCfg = Release|Any CPU
		{373355AE-BE9E-41A5-A28E-1783DEC21A2B}.Release|ARM.Build.0 = Release|Any CPU
		{373355AE-BE9E-41A5-A28E-1783DEC21A2B}.Release|iPhone.ActiveCfg = Release|Any CPU
		{373355AE-BE9E-41A5-A28E-1783DEC21A2B}.Release|iPhone.Build.0 = Release|Any CPU
		{373355AE-BE9E-41A5-A28E-1783DEC21A2B}.Release|iPhoneSimulator.ActiveCfg = Release|Any CPU
		{373355AE-BE9E-41A5-A28E-1783DEC21A2B}.Release|iPhoneSimulator.Build.0 = Release|Any CPU
		{373355AE-BE9E-41A5-A28E-1783DEC21A2B}.Release|x64.ActiveCfg = Release|Any CPU
		{373355AE-BE9E-41A5-A28E-1783DEC21A2B}.Release|x64.Build.0 = Release|Any CPU
		{373355AE-BE9E-41A5-A28E-1783DEC21A2B}.Release|x86.ActiveCfg = Release|Any CPU
		{373355AE-BE9E-41A5-A28E-1783DEC21A2B}.Release|x86.Build.0 = Release|Any CPU
		{78D1D66A-8C78-4682-853C-AC73A700B97E}.Debug|Any CPU.ActiveCfg = Debug|x64
		{78D1D66A-8C78-4682-853C-AC73A700B97E}.Debug|Any CPU.Build.0 = Debug|x64
		{78D1D66A-8C78-4682-853C-AC73A700B97E}.Debug|Any CPU.Deploy.0 = Debug|x64
		{78D1D66A-8C78-4682-853C-AC73A700B97E}.Debug|ARM.ActiveCfg = Debug|x64
		{78D1D66A-8C78-4682-853C-AC73A700B97E}.Debug|iPhone.ActiveCfg = Debug|x64
		{78D1D66A-8C78-4682-853C-AC73A700B97E}.Debug|iPhoneSimulator.ActiveCfg = Debug|x64
		{78D1D66A-8C78-4682-853C-AC73A700B97E}.Debug|x64.ActiveCfg = Debug|x64
		{78D1D66A-8C78-4682-853C-AC73A700B97E}.Debug|x64.Build.0 = Debug|x64
		{78D1D66A-8C78-4682-853C-AC73A700B97E}.Debug|x64.Deploy.0 = Debug|x64
		{78D1D66A-8C78-4682-853C-AC73A700B97E}.Debug|x86.ActiveCfg = Debug|x86
		{78D1D66A-8C78-4682-853C-AC73A700B97E}.Debug|x86.Build.0 = Debug|x86
		{78D1D66A-8C78-4682-853C-AC73A700B97E}.Debug|x86.Deploy.0 = Debug|x86
		{78D1D66A-8C78-4682-853C-AC73A700B97E}.Release|Any CPU.ActiveCfg = Release|x64
		{78D1D66A-8C78-4682-853C-AC73A700B97E}.Release|ARM.ActiveCfg = Release|x64
		{78D1D66A-8C78-4682-853C-AC73A700B97E}.Release|iPhone.ActiveCfg = Release|x64
		{78D1D66A-8C78-4682-853C-AC73A700B97E}.Release|iPhoneSimulator.ActiveCfg = Release|x64
		{78D1D66A-8C78-4682-853C-AC73A700B97E}.Release|x64.ActiveCfg = Release|x64
		{78D1D66A-8C78-4682-853C-AC73A700B97E}.Release|x64.Build.0 = Release|x64
		{78D1D66A-8C78-4682-853C-AC73A700B97E}.Release|x64.Deploy.0 = Release|x64
		{78D1D66A-8C78-4682-853C-AC73A700B97E}.Release|x86.ActiveCfg = Release|x86
		{78D1D66A-8C78-4682-853C-AC73A700B97E}.Release|x86.Build.0 = Release|x86
		{78D1D66A-8C78-4682-853C-AC73A700B97E}.Release|x86.Deploy.0 = Release|x86
		{02767E8D-EE04-491E-B500-2CC6F04B9FBD}.Debug|Any CPU.ActiveCfg = Debug|Any CPU
		{02767E8D-EE04-491E-B500-2CC6F04B9FBD}.Debug|Any CPU.Build.0 = Debug|Any CPU
		{02767E8D-EE04-491E-B500-2CC6F04B9FBD}.Debug|ARM.ActiveCfg = Debug|Any CPU
		{02767E8D-EE04-491E-B500-2CC6F04B9FBD}.Debug|ARM.Build.0 = Debug|Any CPU
		{02767E8D-EE04-491E-B500-2CC6F04B9FBD}.Debug|iPhone.ActiveCfg = Debug|Any CPU
		{02767E8D-EE04-491E-B500-2CC6F04B9FBD}.Debug|iPhone.Build.0 = Debug|Any CPU
		{02767E8D-EE04-491E-B500-2CC6F04B9FBD}.Debug|iPhoneSimulator.ActiveCfg = Debug|Any CPU
		{02767E8D-EE04-491E-B500-2CC6F04B9FBD}.Debug|iPhoneSimulator.Build.0 = Debug|Any CPU
		{02767E8D-EE04-491E-B500-2CC6F04B9FBD}.Debug|x64.ActiveCfg = Debug|Any CPU
		{02767E8D-EE04-491E-B500-2CC6F04B9FBD}.Debug|x64.Build.0 = Debug|Any CPU
		{02767E8D-EE04-491E-B500-2CC6F04B9FBD}.Debug|x86.ActiveCfg = Debug|Any CPU
		{02767E8D-EE04-491E-B500-2CC6F04B9FBD}.Debug|x86.Build.0 = Debug|Any CPU
		{02767E8D-EE04-491E-B500-2CC6F04B9FBD}.Release|Any CPU.ActiveCfg = Release|Any CPU
		{02767E8D-EE04-491E-B500-2CC6F04B9FBD}.Release|Any CPU.Build.0 = Release|Any CPU
		{02767E8D-EE04-491E-B500-2CC6F04B9FBD}.Release|ARM.ActiveCfg = Release|Any CPU
		{02767E8D-EE04-491E-B500-2CC6F04B9FBD}.Release|ARM.Build.0 = Release|Any CPU
		{02767E8D-EE04-491E-B500-2CC6F04B9FBD}.Release|iPhone.ActiveCfg = Release|Any CPU
		{02767E8D-EE04-491E-B500-2CC6F04B9FBD}.Release|iPhone.Build.0 = Release|Any CPU
		{02767E8D-EE04-491E-B500-2CC6F04B9FBD}.Release|iPhoneSimulator.ActiveCfg = Release|Any CPU
		{02767E8D-EE04-491E-B500-2CC6F04B9FBD}.Release|iPhoneSimulator.Build.0 = Release|Any CPU
		{02767E8D-EE04-491E-B500-2CC6F04B9FBD}.Release|x64.ActiveCfg = Release|Any CPU
		{02767E8D-EE04-491E-B500-2CC6F04B9FBD}.Release|x64.Build.0 = Release|Any CPU
		{02767E8D-EE04-491E-B500-2CC6F04B9FBD}.Release|x86.ActiveCfg = Release|Any CPU
		{02767E8D-EE04-491E-B500-2CC6F04B9FBD}.Release|x86.Build.0 = Release|Any CPU
	EndGlobalSection
	GlobalSection(SolutionProperties) = preSolution
		HideSolutionNode = FALSE
	EndGlobalSection
	GlobalSection(NestedProjects) = preSolution
		{D0DE7E1E-B2F8-4503-B704-62F4C0D18AE8} = {FE21EB77-EE30-4BF0-AFAA-51C8DC864055}
		{3D6406A3-9706-47AE-88C2-DD29CB5C7E27} = {FE21EB77-EE30-4BF0-AFAA-51C8DC864055}
		{C1A983D4-69CB-4F4A-BA79-69FAB8CABAE8} = {FE21EB77-EE30-4BF0-AFAA-51C8DC864055}
		{5542A6A1-76F7-44A4-AAE4-5415B58F54DA} = {FE21EB77-EE30-4BF0-AFAA-51C8DC864055}
	EndGlobalSection
	GlobalSection(ExtensibilityGlobals) = postSolution
		SolutionGuid = {F1F8FBA3-F18E-4A8A-9616-7C8104FE36C9}
	EndGlobalSection
EndGlobal
